
Microsoft Visual Studio Solution File, Format Version 12.00
# Visual Studio Version 17
VisualStudioVersion = 17.9.34728.123
MinimumVisualStudioVersion = 10.0.40219.1
Project("{FAE04EC0-301F-11D3-BF4B-00C04F79EFBC}") = "PatientManagement", "PatientManagement\PatientManagement.csproj", "{6B2BA032-F0F4-4242-A734-12258680D8DE}"
EndProject
Global
	GlobalSection(SolutionConfigurationPlatforms) = preSolution
		Debug|Any CPU = Debug|Any CPU
		Release|Any CPU = Release|Any CPU
	EndGlobalSection
	GlobalSection(ProjectConfigurationPlatforms) = postSolution
		{6B2BA032-F0F4-4242-A734-12258680D8DE}.Debug|Any CPU.ActiveCfg = Debug|Any CPU
		{6B2BA032-F0F4-4242-A734-12258680D8DE}.Debug|Any CPU.Build.0 = Debug|Any CPU
		{6B2BA032-F0F4-4242-A734-12258680D8DE}.Release|Any CPU.ActiveCfg = Release|Any CPU
		{6B2BA032-F0F4-4242-A734-12258680D8DE}.Release|Any CPU.Build.0 = Release|Any CPU
	EndGlobalSection
	GlobalSection(SolutionProperties) = preSolution
		HideSolutionNode = FALSE
	EndGlobalSection
	GlobalSection(ExtensibilityGlobals) = postSolution
		SolutionGuid = {959DF399-3570-4E14-A918-C019917DBD70}
	EndGlobalSection
EndGlobal
