
Microsoft Visual Studio Solution File, Format Version 12.00
# Visual Studio Version 17
VisualStudioVersion = 17.9.34728.123
MinimumVisualStudioVersion = 10.0.40219.1
Project("{FAE04EC0-301F-11D3-BF4B-00C04F79EFBC}") = "ClientManagement", "ClientManagement\ClientManagement.csproj", "{F176E561-9E76-4AFF-BE41-B556BAB23448}"
EndProject
Global
	GlobalSection(SolutionConfigurationPlatforms) = preSolution
		Debug|Any CPU = Debug|Any CPU
		Release|Any CPU = Release|Any CPU
	EndGlobalSection
	GlobalSection(ProjectConfigurationPlatforms) = postSolution
		{F176E561-9E76-4AFF-BE41-B556BAB23448}.Debug|Any CPU.ActiveCfg = Debug|Any CPU
		{F176E561-9E76-4AFF-BE41-B556BAB23448}.Debug|Any CPU.Build.0 = Debug|Any CPU
		{F176E561-9E76-4AFF-BE41-B556BAB23448}.Release|Any CPU.ActiveCfg = Release|Any CPU
		{F176E561-9E76-4AFF-BE41-B556BAB23448}.Release|Any CPU.Build.0 = Release|Any CPU
	EndGlobalSection
	GlobalSection(SolutionProperties) = preSolution
		HideSolutionNode = FALSE
	EndGlobalSection
	GlobalSection(ExtensibilityGlobals) = postSolution
		SolutionGuid = {A35FFBBB-731F-4297-A9B7-0A4D8D5880D0}
	EndGlobalSection
EndGlobal
